
Microsoft Visual Studio Solution File, Format Version 12.00
Project("{FAE04EC0-301F-11D3-BF4B-00C04F79EFBC}") = "Entities", "Entities\Entities.csproj", "{754A68F7-347A-4B85-A876-FD7332627CEF}"
EndProject
Project("{2150E333-8FDC-42A3-9474-1A3956D46DE8}") = "1 - Apresenação", "1 - Apresenação", "{9CA22123-910C-4C4A-BADE-9201460B447D}"
EndProject
Project("{2150E333-8FDC-42A3-9474-1A3956D46DE8}") = "2 - Dominio", "2 - Dominio", "{594C17CE-49EC-4FFA-838D-D740E098A078}"
EndProject
Project("{2150E333-8FDC-42A3-9474-1A3956D46DE8}") = "3 - Infraestrutura", "3 - Infraestrutura", "{2CEB522C-0289-4E15-9FFA-D5FC7A2D270A}"
EndProject
Project("{2150E333-8FDC-42A3-9474-1A3956D46DE8}") = "4 - Entidades", "4 - Entidades", "{3497BE02-D3EC-4C2B-B43B-5061B7FE76BD}"
EndProject
Project("{2150E333-8FDC-42A3-9474-1A3956D46DE8}") = "5 - Helpers", "5 - Helpers", "{F51A8172-ACF0-4A44-8427-C6D116344E96}"
EndProject
Project("{FAE04EC0-301F-11D3-BF4B-00C04F79EFBC}") = "Helpers", "Helpers\Helpers.csproj", "{8E58D035-8FAF-4554-98FE-1797C016B09B}"
EndProject
Project("{FAE04EC0-301F-11D3-BF4B-00C04F79EFBC}") = "Infra", "Infra\Infra.csproj", "{DFD6D7FA-27C2-4034-B0FD-8D76E4EF1939}"
EndProject
Project("{FAE04EC0-301F-11D3-BF4B-00C04F79EFBC}") = "Domain", "Domain\Domain.csproj", "{77F24CA2-C308-4A29-824F-5DE8BEA4A5A2}"
EndProject
Project("{FAE04EC0-301F-11D3-BF4B-00C04F79EFBC}") = "WebApi", "WebApi\WebApi.csproj", "{39EACD51-52E3-4D0F-864C-D3BA448D08C8}"
EndProject
Global
	GlobalSection(SolutionConfigurationPlatforms) = preSolution
		Debug|Any CPU = Debug|Any CPU
		Release|Any CPU = Release|Any CPU
	EndGlobalSection
	GlobalSection(ProjectConfigurationPlatforms) = postSolution
		{754A68F7-347A-4B85-A876-FD7332627CEF}.Debug|Any CPU.ActiveCfg = Debug|Any CPU
		{754A68F7-347A-4B85-A876-FD7332627CEF}.Debug|Any CPU.Build.0 = Debug|Any CPU
		{754A68F7-347A-4B85-A876-FD7332627CEF}.Release|Any CPU.ActiveCfg = Release|Any CPU
		{754A68F7-347A-4B85-A876-FD7332627CEF}.Release|Any CPU.Build.0 = Release|Any CPU
		{8E58D035-8FAF-4554-98FE-1797C016B09B}.Debug|Any CPU.ActiveCfg = Debug|Any CPU
		{8E58D035-8FAF-4554-98FE-1797C016B09B}.Debug|Any CPU.Build.0 = Debug|Any CPU
		{8E58D035-8FAF-4554-98FE-1797C016B09B}.Release|Any CPU.ActiveCfg = Release|Any CPU
		{8E58D035-8FAF-4554-98FE-1797C016B09B}.Release|Any CPU.Build.0 = Release|Any CPU
		{DFD6D7FA-27C2-4034-B0FD-8D76E4EF1939}.Debug|Any CPU.ActiveCfg = Debug|Any CPU
		{DFD6D7FA-27C2-4034-B0FD-8D76E4EF1939}.Debug|Any CPU.Build.0 = Debug|Any CPU
		{DFD6D7FA-27C2-4034-B0FD-8D76E4EF1939}.Release|Any CPU.ActiveCfg = Release|Any CPU
		{DFD6D7FA-27C2-4034-B0FD-8D76E4EF1939}.Release|Any CPU.Build.0 = Release|Any CPU
		{77F24CA2-C308-4A29-824F-5DE8BEA4A5A2}.Debug|Any CPU.ActiveCfg = Debug|Any CPU
		{77F24CA2-C308-4A29-824F-5DE8BEA4A5A2}.Debug|Any CPU.Build.0 = Debug|Any CPU
		{77F24CA2-C308-4A29-824F-5DE8BEA4A5A2}.Release|Any CPU.ActiveCfg = Release|Any CPU
		{77F24CA2-C308-4A29-824F-5DE8BEA4A5A2}.Release|Any CPU.Build.0 = Release|Any CPU
		{39EACD51-52E3-4D0F-864C-D3BA448D08C8}.Debug|Any CPU.ActiveCfg = Debug|Any CPU
		{39EACD51-52E3-4D0F-864C-D3BA448D08C8}.Debug|Any CPU.Build.0 = Debug|Any CPU
		{39EACD51-52E3-4D0F-864C-D3BA448D08C8}.Release|Any CPU.ActiveCfg = Release|Any CPU
		{39EACD51-52E3-4D0F-864C-D3BA448D08C8}.Release|Any CPU.Build.0 = Release|Any CPU
	EndGlobalSection
	GlobalSection(NestedProjects) = preSolution
		{754A68F7-347A-4B85-A876-FD7332627CEF} = {3497BE02-D3EC-4C2B-B43B-5061B7FE76BD}
		{8E58D035-8FAF-4554-98FE-1797C016B09B} = {F51A8172-ACF0-4A44-8427-C6D116344E96}
		{DFD6D7FA-27C2-4034-B0FD-8D76E4EF1939} = {2CEB522C-0289-4E15-9FFA-D5FC7A2D270A}
		{77F24CA2-C308-4A29-824F-5DE8BEA4A5A2} = {594C17CE-49EC-4FFA-838D-D740E098A078}
		{39EACD51-52E3-4D0F-864C-D3BA448D08C8} = {9CA22123-910C-4C4A-BADE-9201460B447D}
	EndGlobalSection
EndGlobal
